// !$*UTF8*$!
{
	archiveVersion = 1;
	classes = {
	};
	objectVersion = 50;
	objects = {

/* Begin PBXBuildFile section */
		09FBFD8D0112C064F541BA75 /* Pods_BowlingGame.framework in Frameworks */ = {isa = PBXBuildFile; fileRef = DC9B1FAEA7FCC519D42E23B5 /* Pods_BowlingGame.framework */; };
		41ABBD53223D38FB00C01863 /* AppDelegate.swift in Sources */ = {isa = PBXBuildFile; fileRef = 41ABBD52223D38FB00C01863 /* AppDelegate.swift */; };
		41ABBD55223D38FB00C01863 /* ViewController.swift in Sources */ = {isa = PBXBuildFile; fileRef = 41ABBD54223D38FB00C01863 /* ViewController.swift */; };
		41ABBD58223D38FB00C01863 /* Main.storyboard in Resources */ = {isa = PBXBuildFile; fileRef = 41ABBD56223D38FB00C01863 /* Main.storyboard */; };
		41ABBD5A223D38FC00C01863 /* Assets.xcassets in Resources */ = {isa = PBXBuildFile; fileRef = 41ABBD59223D38FC00C01863 /* Assets.xcassets */; };
		41ABBD5D223D38FC00C01863 /* LaunchScreen.storyboard in Resources */ = {isa = PBXBuildFile; fileRef = 41ABBD5B223D38FC00C01863 /* LaunchScreen.storyboard */; };
		41ABBD68223D38FD00C01863 /* BowlingGameTests.swift in Sources */ = {isa = PBXBuildFile; fileRef = 41ABBD67223D38FD00C01863 /* BowlingGameTests.swift */; };
		489B756A7D04C6C084A48E1F /* Pods_BowlingGameTests.framework in Frameworks */ = {isa = PBXBuildFile; fileRef = B241C71984AD23B66AEB5700 /* Pods_BowlingGameTests.framework */; };
/* End PBXBuildFile section */

/* Begin PBXContainerItemProxy section */
		41ABBD64223D38FD00C01863 /* PBXContainerItemProxy */ = {
			isa = PBXContainerItemProxy;
			containerPortal = 41ABBD47223D38FB00C01863 /* Project object */;
			proxyType = 1;
			remoteGlobalIDString = 41ABBD4E223D38FB00C01863;
			remoteInfo = BowlingGame;
		};
/* End PBXContainerItemProxy section */

/* Begin PBXFileReference section */
		0F451872171F411CA189055F /* Pods-BowlingGame.release.xcconfig */ = {isa = PBXFileReference; includeInIndex = 1; lastKnownFileType = text.xcconfig; name = "Pods-BowlingGame.release.xcconfig"; path = "Target Support Files/Pods-BowlingGame/Pods-BowlingGame.release.xcconfig"; sourceTree = "<group>"; };
		21AAFAAFC69BA4F43CAF8D19 /* Pods-BowlingGameTests.release.xcconfig */ = {isa = PBXFileReference; includeInIndex = 1; lastKnownFileType = text.xcconfig; name = "Pods-BowlingGameTests.release.xcconfig"; path = "Target Support Files/Pods-BowlingGameTests/Pods-BowlingGameTests.release.xcconfig"; sourceTree = "<group>"; };
		41ABBD4F223D38FB00C01863 /* BowlingGame.app */ = {isa = PBXFileReference; explicitFileType = wrapper.application; includeInIndex = 0; path = BowlingGame.app; sourceTree = BUILT_PRODUCTS_DIR; };
		41ABBD52223D38FB00C01863 /* AppDelegate.swift */ = {isa = PBXFileReference; lastKnownFileType = sourcecode.swift; path = AppDelegate.swift; sourceTree = "<group>"; };
		41ABBD54223D38FB00C01863 /* ViewController.swift */ = {isa = PBXFileReference; lastKnownFileType = sourcecode.swift; path = ViewController.swift; sourceTree = "<group>"; };
		41ABBD57223D38FB00C01863 /* Base */ = {isa = PBXFileReference; lastKnownFileType = file.storyboard; name = Base; path = Base.lproj/Main.storyboard; sourceTree = "<group>"; };
		41ABBD59223D38FC00C01863 /* Assets.xcassets */ = {isa = PBXFileReference; lastKnownFileType = folder.assetcatalog; path = Assets.xcassets; sourceTree = "<group>"; };
		41ABBD5C223D38FC00C01863 /* Base */ = {isa = PBXFileReference; lastKnownFileType = file.storyboard; name = Base; path = Base.lproj/LaunchScreen.storyboard; sourceTree = "<group>"; };
		41ABBD5E223D38FC00C01863 /* Info.plist */ = {isa = PBXFileReference; lastKnownFileType = text.plist.xml; path = Info.plist; sourceTree = "<group>"; };
		41ABBD63223D38FD00C01863 /* BowlingGameTests.xctest */ = {isa = PBXFileReference; explicitFileType = wrapper.cfbundle; includeInIndex = 0; path = BowlingGameTests.xctest; sourceTree = BUILT_PRODUCTS_DIR; };
		41ABBD67223D38FD00C01863 /* BowlingGameTests.swift */ = {isa = PBXFileReference; lastKnownFileType = sourcecode.swift; path = BowlingGameTests.swift; sourceTree = "<group>"; };
		41ABBD69223D38FD00C01863 /* Info.plist */ = {isa = PBXFileReference; lastKnownFileType = text.plist.xml; path = Info.plist; sourceTree = "<group>"; };
		6A1FFFF344660857DBCF6CC0 /* Pods-BowlingGame.debug.xcconfig */ = {isa = PBXFileReference; includeInIndex = 1; lastKnownFileType = text.xcconfig; name = "Pods-BowlingGame.debug.xcconfig"; path = "Target Support Files/Pods-BowlingGame/Pods-BowlingGame.debug.xcconfig"; sourceTree = "<group>"; };
		94EB68D16273CF403144D0E7 /* Pods-BowlingGameTests.debug.xcconfig */ = {isa = PBXFileReference; includeInIndex = 1; lastKnownFileType = text.xcconfig; name = "Pods-BowlingGameTests.debug.xcconfig"; path = "Target Support Files/Pods-BowlingGameTests/Pods-BowlingGameTests.debug.xcconfig"; sourceTree = "<group>"; };
		B241C71984AD23B66AEB5700 /* Pods_BowlingGameTests.framework */ = {isa = PBXFileReference; explicitFileType = wrapper.framework; includeInIndex = 0; path = Pods_BowlingGameTests.framework; sourceTree = BUILT_PRODUCTS_DIR; };
		DC9B1FAEA7FCC519D42E23B5 /* Pods_BowlingGame.framework */ = {isa = PBXFileReference; explicitFileType = wrapper.framework; includeInIndex = 0; path = Pods_BowlingGame.framework; sourceTree = BUILT_PRODUCTS_DIR; };
/* End PBXFileReference section */

/* Begin PBXFrameworksBuildPhase section */
		41ABBD4C223D38FB00C01863 /* Frameworks */ = {
			isa = PBXFrameworksBuildPhase;
			buildActionMask = 2147483647;
			files = (
				09FBFD8D0112C064F541BA75 /* Pods_BowlingGame.framework in Frameworks */,
			);
			runOnlyForDeploymentPostprocessing = 0;
		};
		41ABBD60223D38FD00C01863 /* Frameworks */ = {
			isa = PBXFrameworksBuildPhase;
			buildActionMask = 2147483647;
			files = (
				489B756A7D04C6C084A48E1F /* Pods_BowlingGameTests.framework in Frameworks */,
			);
			runOnlyForDeploymentPostprocessing = 0;
		};
/* End PBXFrameworksBuildPhase section */

/* Begin PBXGroup section */
		41ABBD46223D38FB00C01863 = {
			isa = PBXGroup;
			children = (
				41ABBD51223D38FB00C01863 /* BowlingGame */,
				41ABBD66223D38FD00C01863 /* BowlingGameTests */,
				41ABBD50223D38FB00C01863 /* Products */,
				FD049AA7BE781A31577DCC76 /* Pods */,
				C90D60044990D7A813A8B7E6 /* Frameworks */,
			);
			sourceTree = "<group>";
		};
		41ABBD50223D38FB00C01863 /* Products */ = {
			isa = PBXGroup;
			children = (
				41ABBD4F223D38FB00C01863 /* BowlingGame.app */,
				41ABBD63223D38FD00C01863 /* BowlingGameTests.xctest */,
			);
			name = Products;
			sourceTree = "<group>";
		};
		41ABBD51223D38FB00C01863 /* BowlingGame */ = {
			isa = PBXGroup;
			children = (
				41ABBD52223D38FB00C01863 /* AppDelegate.swift */,
				41ABBD54223D38FB00C01863 /* ViewController.swift */,
				41ABBD56223D38FB00C01863 /* Main.storyboard */,
				41ABBD59223D38FC00C01863 /* Assets.xcassets */,
				41ABBD5B223D38FC00C01863 /* LaunchScreen.storyboard */,
				41ABBD5E223D38FC00C01863 /* Info.plist */,
			);
			path = BowlingGame;
			sourceTree = "<group>";
		};
		41ABBD66223D38FD00C01863 /* BowlingGameTests */ = {
			isa = PBXGroup;
			children = (
				41ABBD67223D38FD00C01863 /* BowlingGameTests.swift */,
				41ABBD69223D38FD00C01863 /* Info.plist */,
			);
			path = BowlingGameTests;
			sourceTree = "<group>";
		};
		C90D60044990D7A813A8B7E6 /* Frameworks */ = {
			isa = PBXGroup;
			children = (
				DC9B1FAEA7FCC519D42E23B5 /* Pods_BowlingGame.framework */,
				B241C71984AD23B66AEB5700 /* Pods_BowlingGameTests.framework */,
			);
			name = Frameworks;
			sourceTree = "<group>";
		};
		FD049AA7BE781A31577DCC76 /* Pods */ = {
			isa = PBXGroup;
			children = (
				6A1FFFF344660857DBCF6CC0 /* Pods-BowlingGame.debug.xcconfig */,
				0F451872171F411CA189055F /* Pods-BowlingGame.release.xcconfig */,
				94EB68D16273CF403144D0E7 /* Pods-BowlingGameTests.debug.xcconfig */,
				21AAFAAFC69BA4F43CAF8D19 /* Pods-BowlingGameTests.release.xcconfig */,
			);
			name = Pods;
			path = Pods;
			sourceTree = "<group>";
		};
/* End PBXGroup section */

/* Begin PBXNativeTarget section */
		41ABBD4E223D38FB00C01863 /* BowlingGame */ = {
			isa = PBXNativeTarget;
			buildConfigurationList = 41ABBD6C223D38FD00C01863 /* Build configuration list for PBXNativeTarget "BowlingGame" */;
			buildPhases = (
				DDCCFF8C63762CA83D684E2E /* [CP] Check Pods Manifest.lock */,
				41ABBD4B223D38FB00C01863 /* Sources */,
				41ABBD4C223D38FB00C01863 /* Frameworks */,
				41ABBD4D223D38FB00C01863 /* Resources */,
			);
			buildRules = (
			);
			dependencies = (
			);
			name = BowlingGame;
			productName = BowlingGame;
			productReference = 41ABBD4F223D38FB00C01863 /* BowlingGame.app */;
			productType = "com.apple.product-type.application";
		};
		41ABBD62223D38FD00C01863 /* BowlingGameTests */ = {
			isa = PBXNativeTarget;
			buildConfigurationList = 41ABBD6F223D38FD00C01863 /* Build configuration list for PBXNativeTarget "BowlingGameTests" */;
			buildPhases = (
				90A0DEB9DE808B61D85E53F7 /* [CP] Check Pods Manifest.lock */,
				41ABBD5F223D38FD00C01863 /* Sources */,
				41ABBD60223D38FD00C01863 /* Frameworks */,
				41ABBD61223D38FD00C01863 /* Resources */,
				8FAD0A9E5928C6FA54C0939B /* [CP] Embed Pods Frameworks */,
			);
			buildRules = (
			);
			dependencies = (
				41ABBD65223D38FD00C01863 /* PBXTargetDependency */,
			);
			name = BowlingGameTests;
			productName = BowlingGameTests;
			productReference = 41ABBD63223D38FD00C01863 /* BowlingGameTests.xctest */;
			productType = "com.apple.product-type.bundle.unit-test";
		};
/* End PBXNativeTarget section */

/* Begin PBXProject section */
		41ABBD47223D38FB00C01863 /* Project object */ = {
			isa = PBXProject;
			attributes = {
				LastSwiftUpdateCheck = 1010;
				LastUpgradeCheck = 1010;
				ORGANIZATIONNAME = OBE;
				TargetAttributes = {
					41ABBD4E223D38FB00C01863 = {
						CreatedOnToolsVersion = 10.1;
					};
					41ABBD62223D38FD00C01863 = {
						CreatedOnToolsVersion = 10.1;
						TestTargetID = 41ABBD4E223D38FB00C01863;
					};
				};
			};
			buildConfigurationList = 41ABBD4A223D38FB00C01863 /* Build configuration list for PBXProject "BowlingGame" */;
			compatibilityVersion = "Xcode 9.3";
			developmentRegion = en;
			hasScannedForEncodings = 0;
			knownRegions = (
				en,
				Base,
			);
			mainGroup = 41ABBD46223D38FB00C01863;
			productRefGroup = 41ABBD50223D38FB00C01863 /* Products */;
			projectDirPath = "";
			projectRoot = "";
			targets = (
				41ABBD4E223D38FB00C01863 /* BowlingGame */,
				41ABBD62223D38FD00C01863 /* BowlingGameTests */,
			);
		};
/* End PBXProject section */

/* Begin PBXResourcesBuildPhase section */
		41ABBD4D223D38FB00C01863 /* Resources */ = {
			isa = PBXResourcesBuildPhase;
			buildActionMask = 2147483647;
			files = (
				41ABBD5D223D38FC00C01863 /* LaunchScreen.storyboard in Resources */,
				41ABBD5A223D38FC00C01863 /* Assets.xcassets in Resources */,
				41ABBD58223D38FB00C01863 /* Main.storyboard in Resources */,
			);
			runOnlyForDeploymentPostprocessing = 0;
		};
		41ABBD61223D38FD00C01863 /* Resources */ = {
			isa = PBXResourcesBuildPhase;
			buildActionMask = 2147483647;
			files = (
			);
			runOnlyForDeploymentPostprocessing = 0;
		};
/* End PBXResourcesBuildPhase section */

/* Begin PBXShellScriptBuildPhase section */
		8FAD0A9E5928C6FA54C0939B /* [CP] Embed Pods Frameworks */ = {
			isa = PBXShellScriptBuildPhase;
			buildActionMask = 2147483647;
			files = (
			);
			inputFileListPaths = (
			);
			inputPaths = (
				"${PODS_ROOT}/Target Support Files/Pods-BowlingGameTests/Pods-BowlingGameTests-frameworks.sh",
				"${BUILT_PRODUCTS_DIR}/Nimble/Nimble.framework",
				"${BUILT_PRODUCTS_DIR}/Quick/Quick.framework",
			);
			name = "[CP] Embed Pods Frameworks";
			outputFileListPaths = (
			);
			outputPaths = (
				"${TARGET_BUILD_DIR}/${FRAMEWORKS_FOLDER_PATH}/Nimble.framework",
				"${TARGET_BUILD_DIR}/${FRAMEWORKS_FOLDER_PATH}/Quick.framework",
			);
			runOnlyForDeploymentPostprocessing = 0;
			shellPath = /bin/sh;
			shellScript = "\"${PODS_ROOT}/Target Support Files/Pods-BowlingGameTests/Pods-BowlingGameTests-frameworks.sh\"\n";
			showEnvVarsInLog = 0;
		};
		90A0DEB9DE808B61D85E53F7 /* [CP] Check Pods Manifest.lock */ = {
			isa = PBXShellScriptBuildPhase;
			buildActionMask = 2147483647;
			files = (
			);
			inputFileListPaths = (
			);
			inputPaths = (
				"${PODS_PODFILE_DIR_PATH}/Podfile.lock",
				"${PODS_ROOT}/Manifest.lock",
			);
			name = "[CP] Check Pods Manifest.lock";
			outputFileListPaths = (
			);
			outputPaths = (
				"$(DERIVED_FILE_DIR)/Pods-BowlingGameTests-checkManifestLockResult.txt",
			);
			runOnlyForDeploymentPostprocessing = 0;
			shellPath = /bin/sh;
			shellScript = "diff \"${PODS_PODFILE_DIR_PATH}/Podfile.lock\" \"${PODS_ROOT}/Manifest.lock\" > /dev/null\nif [ $? != 0 ] ; then\n    # print error to STDERR\n    echo \"error: The sandbox is not in sync with the Podfile.lock. Run 'pod install' or update your CocoaPods installation.\" >&2\n    exit 1\nfi\n# This output is used by Xcode 'outputs' to avoid re-running this script phase.\necho \"SUCCESS\" > \"${SCRIPT_OUTPUT_FILE_0}\"\n";
			showEnvVarsInLog = 0;
		};
		DDCCFF8C63762CA83D684E2E /* [CP] Check Pods Manifest.lock */ = {
			isa = PBXShellScriptBuildPhase;
			buildActionMask = 2147483647;
			files = (
			);
			inputFileListPaths = (
			);
			inputPaths = (
				"${PODS_PODFILE_DIR_PATH}/Podfile.lock",
				"${PODS_ROOT}/Manifest.lock",
			);
			name = "[CP] Check Pods Manifest.lock";
			outputFileListPaths = (
			);
			outputPaths = (
				"$(DERIVED_FILE_DIR)/Pods-BowlingGame-checkManifestLockResult.txt",
			);
			runOnlyForDeploymentPostprocessing = 0;
			shellPath = /bin/sh;
			shellScript = "diff \"${PODS_PODFILE_DIR_PATH}/Podfile.lock\" \"${PODS_ROOT}/Manifest.lock\" > /dev/null\nif [ $? != 0 ] ; then\n    # print error to STDERR\n    echo \"error: The sandbox is not in sync with the Podfile.lock. Run 'pod install' or update your CocoaPods installation.\" >&2\n    exit 1\nfi\n# This output is used by Xcode 'outputs' to avoid re-running this script phase.\necho \"SUCCESS\" > \"${SCRIPT_OUTPUT_FILE_0}\"\n";
			showEnvVarsInLog = 0;
		};
/* End PBXShellScriptBuildPhase section */

/* Begin PBXSourcesBuildPhase section */
		41ABBD4B223D38FB00C01863 /* Sources */ = {
			isa = PBXSourcesBuildPhase;
			buildActionMask = 2147483647;
			files = (
				41ABBD55223D38FB00C01863 /* ViewController.swift in Sources */,
				41ABBD53223D38FB00C01863 /* AppDelegate.swift in Sources */,
			);
			runOnlyForDeploymentPostprocessing = 0;
		};
		41ABBD5F223D38FD00C01863 /* Sources */ = {
			isa = PBXSourcesBuildPhase;
			buildActionMask = 2147483647;
			files = (
				41ABBD68223D38FD00C01863 /* BowlingGameTests.swift in Sources */,
			);
			runOnlyForDeploymentPostprocessing = 0;
		};
/* End PBXSourcesBuildPhase section */

/* Begin PBXTargetDependency section */
		41ABBD65223D38FD00C01863 /* PBXTargetDependency */ = {
			isa = PBXTargetDependency;
			target = 41ABBD4E223D38FB00C01863 /* BowlingGame */;
			targetProxy = 41ABBD64223D38FD00C01863 /* PBXContainerItemProxy */;
		};
/* End PBXTargetDependency section */

/* Begin PBXVariantGroup section */
		41ABBD56223D38FB00C01863 /* Main.storyboard */ = {
			isa = PBXVariantGroup;
			children = (
				41ABBD57223D38FB00C01863 /* Base */,
			);
			name = Main.storyboard;
			sourceTree = "<group>";
		};
		41ABBD5B223D38FC00C01863 /* LaunchScreen.storyboard */ = {
			isa = PBXVariantGroup;
			children = (
				41ABBD5C223D38FC00C01863 /* Base */,
			);
			name = LaunchScreen.storyboard;
			sourceTree = "<group>";
		};
/* End PBXVariantGroup section */

/* Begin XCBuildConfiguration section */
		41ABBD6A223D38FD00C01863 /* Debug */ = {
			isa = XCBuildConfiguration;
			buildSettings = {
				ALWAYS_SEARCH_USER_PATHS = NO;
				CLANG_ANALYZER_NONNULL = YES;
				CLANG_ANALYZER_NUMBER_OBJECT_CONVERSION = YES_AGGRESSIVE;
				CLANG_CXX_LANGUAGE_STANDARD = "gnu++14";
				CLANG_CXX_LIBRARY = "libc++";
				CLANG_ENABLE_MODULES = YES;
				CLANG_ENABLE_OBJC_ARC = YES;
				CLANG_ENABLE_OBJC_WEAK = YES;
				CLANG_WARN_BLOCK_CAPTURE_AUTORELEASING = YES;
				CLANG_WARN_BOOL_CONVERSION = YES;
				CLANG_WARN_COMMA = YES;
				CLANG_WARN_CONSTANT_CONVERSION = YES;
				CLANG_WARN_DEPRECATED_OBJC_IMPLEMENTATIONS = YES;
				CLANG_WARN_DIRECT_OBJC_ISA_USAGE = YES_ERROR;
				CLANG_WARN_DOCUMENTATION_COMMENTS = YES;
				CLANG_WARN_EMPTY_BODY = YES;
				CLANG_WARN_ENUM_CONVERSION = YES;
				CLANG_WARN_INFINITE_RECURSION = YES;
				CLANG_WARN_INT_CONVERSION = YES;
				CLANG_WARN_NON_LITERAL_NULL_CONVERSION = YES;
				CLANG_WARN_OBJC_IMPLICIT_RETAIN_SELF = YES;
				CLANG_WARN_OBJC_LITERAL_CONVERSION = YES;
				CLANG_WARN_OBJC_ROOT_CLASS = YES_ERROR;
				CLANG_WARN_RANGE_LOOP_ANALYSIS = YES;
				CLANG_WARN_STRICT_PROTOTYPES = YES;
				CLANG_WARN_SUSPICIOUS_MOVE = YES;
				CLANG_WARN_UNGUARDED_AVAILABILITY = YES_AGGRESSIVE;
				CLANG_WARN_UNREACHABLE_CODE = YES;
				CLANG_WARN__DUPLICATE_METHOD_MATCH = YES;
				CODE_SIGN_IDENTITY = "iPhone Developer";
				COPY_PHASE_STRIP = NO;
				DEBUG_INFORMATION_FORMAT = dwarf;
				ENABLE_STRICT_OBJC_MSGSEND = YES;
				ENABLE_TESTABILITY = YES;
				GCC_C_LANGUAGE_STANDARD = gnu11;
				GCC_DYNAMIC_NO_PIC = NO;
				GCC_NO_COMMON_BLOCKS = YES;
				GCC_OPTIMIZATION_LEVEL = 0;
				GCC_PREPROCESSOR_DEFINITIONS = (
					"DEBUG=1",
					"$(inherited)",
				);
				GCC_WARN_64_TO_32_BIT_CONVERSION = YES;
				GCC_WARN_ABOUT_RETURN_TYPE = YES_ERROR;
				GCC_WARN_UNDECLARED_SELECTOR = YES;
				GCC_WARN_UNINITIALIZED_AUTOS = YES_AGGRESSIVE;
				GCC_WARN_UNUSED_FUNCTION = YES;
				GCC_WARN_UNUSED_VARIABLE = YES;
				IPHONEOS_DEPLOYMENT_TARGET = 12.1;
				MTL_ENABLE_DEBUG_INFO = INCLUDE_SOURCE;
				MTL_FAST_MATH = YES;
				ONLY_ACTIVE_ARCH = YES;
				SDKROOT = iphoneos;
				SWIFT_ACTIVE_COMPILATION_CONDITIONS = DEBUG;
				SWIFT_OPTIMIZATION_LEVEL = "-Onone";
			};
			name = Debug;
		};
		41ABBD6B223D38FD00C01863 /* Release */ = {
			isa = XCBuildConfiguration;
			buildSettings = {
				ALWAYS_SEARCH_USER_PATHS = NO;
				CLANG_ANALYZER_NONNULL = YES;
				CLANG_ANALYZER_NUMBER_OBJECT_CONVERSION = YES_AGGRESSIVE;
				CLANG_CXX_LANGUAGE_STANDARD = "gnu++14";
				CLANG_CXX_LIBRARY = "libc++";
				CLANG_ENABLE_MODULES = YES;
				CLANG_ENABLE_OBJC_ARC = YES;
				CLANG_ENABLE_OBJC_WEAK = YES;
				CLANG_WARN_BLOCK_CAPTURE_AUTORELEASING = YES;
				CLANG_WARN_BOOL_CONVERSION = YES;
				CLANG_WARN_COMMA = YES;
				CLANG_WARN_CONSTANT_CONVERSION = YES;
				CLANG_WARN_DEPRECATED_OBJC_IMPLEMENTATIONS = YES;
				CLANG_WARN_DIRECT_OBJC_ISA_USAGE = YES_ERROR;
				CLANG_WARN_DOCUMENTATION_COMMENTS = YES;
				CLANG_WARN_EMPTY_BODY = YES;
				CLANG_WARN_ENUM_CONVERSION = YES;
				CLANG_WARN_INFINITE_RECURSION = YES;
				CLANG_WARN_INT_CONVERSION = YES;
				CLANG_WARN_NON_LITERAL_NULL_CONVERSION = YES;
				CLANG_WARN_OBJC_IMPLICIT_RETAIN_SELF = YES;
				CLANG_WARN_OBJC_LITERAL_CONVERSION = YES;
				CLANG_WARN_OBJC_ROOT_CLASS = YES_ERROR;
				CLANG_WARN_RANGE_LOOP_ANALYSIS = YES;
				CLANG_WARN_STRICT_PROTOTYPES = YES;
				CLANG_WARN_SUSPICIOUS_MOVE = YES;
				CLANG_WARN_UNGUARDED_AVAILABILITY = YES_AGGRESSIVE;
				CLANG_WARN_UNREACHABLE_CODE = YES;
				CLANG_WARN__DUPLICATE_METHOD_MATCH = YES;
				CODE_SIGN_IDENTITY = "iPhone Developer";
				COPY_PHASE_STRIP = NO;
				DEBUG_INFORMATION_FORMAT = "dwarf-with-dsym";
				ENABLE_NS_ASSERTIONS = NO;
				ENABLE_STRICT_OBJC_MSGSEND = YES;
				GCC_C_LANGUAGE_STANDARD = gnu11;
				GCC_NO_COMMON_BLOCKS = YES;
				GCC_WARN_64_TO_32_BIT_CONVERSION = YES;
				GCC_WARN_ABOUT_RETURN_TYPE = YES_ERROR;
				GCC_WARN_UNDECLARED_SELECTOR = YES;
				GCC_WARN_UNINITIALIZED_AUTOS = YES_AGGRESSIVE;
				GCC_WARN_UNUSED_FUNCTION = YES;
				GCC_WARN_UNUSED_VARIABLE = YES;
				IPHONEOS_DEPLOYMENT_TARGET = 12.1;
				MTL_ENABLE_DEBUG_INFO = NO;
				MTL_FAST_MATH = YES;
				SDKROOT = iphoneos;
				SWIFT_COMPILATION_MODE = wholemodule;
				SWIFT_OPTIMIZATION_LEVEL = "-O";
				VALIDATE_PRODUCT = YES;
			};
			name = Release;
		};
		41ABBD6D223D38FD00C01863 /* Debug */ = {
			isa = XCBuildConfiguration;
			baseConfigurationReference = 6A1FFFF344660857DBCF6CC0 /* Pods-BowlingGame.debug.xcconfig */;
			buildSettings = {
				ASSETCATALOG_COMPILER_APPICON_NAME = AppIcon;
				CODE_SIGN_STYLE = Automatic;
				INFOPLIST_FILE = BowlingGame/Info.plist;
				LD_RUNPATH_SEARCH_PATHS = (
					"$(inherited)",
					"@executable_path/Frameworks",
				);
				PRODUCT_BUNDLE_IDENTIFIER = "-019-DEV-140.BowlingGame";
				PRODUCT_NAME = "$(TARGET_NAME)";
				SWIFT_VERSION = 4.2;
				TARGETED_DEVICE_FAMILY = "1,2";
			};
			name = Debug;
		};
		41ABBD6E223D38FD00C01863 /* Release */ = {
			isa = XCBuildConfiguration;
			baseConfigurationReference = 0F451872171F411CA189055F /* Pods-BowlingGame.release.xcconfig */;
			buildSettings = {
				ASSETCATALOG_COMPILER_APPICON_NAME = AppIcon;
				CODE_SIGN_STYLE = Automatic;
				INFOPLIST_FILE = BowlingGame/Info.plist;
				LD_RUNPATH_SEARCH_PATHS = (
					"$(inherited)",
					"@executable_path/Frameworks",
				);
				PRODUCT_BUNDLE_IDENTIFIER = "-019-DEV-140.BowlingGame";
				PRODUCT_NAME = "$(TARGET_NAME)";
				SWIFT_VERSION = 4.2;
				TARGETED_DEVICE_FAMILY = "1,2";
			};
			name = Release;
		};
		41ABBD70223D38FD00C01863 /* Debug */ = {
			isa = XCBuildConfiguration;
			baseConfigurationReference = 94EB68D16273CF403144D0E7 /* Pods-BowlingGameTests.debug.xcconfig */;
			buildSettings = {
				ALWAYS_EMBED_SWIFT_STANDARD_LIBRARIES = YES;
				BUNDLE_LOADER = "$(TEST_HOST)";
				CODE_SIGN_STYLE = Automatic;
				INFOPLIST_FILE = BowlingGameTests/Info.plist;
				LD_RUNPATH_SEARCH_PATHS = (
					"$(inherited)",
					"@executable_path/Frameworks",
					"@loader_path/Frameworks",
				);
				PRODUCT_BUNDLE_IDENTIFIER = "-019-DEV-140.BowlingGameTests";
				PRODUCT_NAME = "$(TARGET_NAME)";
				SWIFT_VERSION = 4.2;
				TARGETED_DEVICE_FAMILY = "1,2";
				TEST_HOST = "$(BUILT_PRODUCTS_DIR)/BowlingGame.app/BowlingGame";
			};
			name = Debug;
		};
		41ABBD71223D38FD00C01863 /* Release */ = {
			isa = XCBuildConfiguration;
			baseConfigurationReference = 21AAFAAFC69BA4F43CAF8D19 /* Pods-BowlingGameTests.release.xcconfig */;
			buildSettings = {
				ALWAYS_EMBED_SWIFT_STANDARD_LIBRARIES = YES;
				BUNDLE_LOADER = "$(TEST_HOST)";
				CODE_SIGN_STYLE = Automatic;
				INFOPLIST_FILE = BowlingGameTests/Info.plist;
				LD_RUNPATH_SEARCH_PATHS = (
					"$(inherited)",
					"@executable_path/Frameworks",
					"@loader_path/Frameworks",
				);
				PRODUCT_BUNDLE_IDENTIFIER = "-019-DEV-140.BowlingGameTests";
				PRODUCT_NAME = "$(TARGET_NAME)";
				SWIFT_VERSION = 4.2;
				TARGETED_DEVICE_FAMILY = "1,2";
				TEST_HOST = "$(BUILT_PRODUCTS_DIR)/BowlingGame.app/BowlingGame";
			};
			name = Release;
		};
/* End XCBuildConfiguration section */

/* Begin XCConfigurationList section */
		41ABBD4A223D38FB00C01863 /* Build configuration list for PBXProject "BowlingGame" */ = {
			isa = XCConfigurationList;
			buildConfigurations = (
				41ABBD6A223D38FD00C01863 /* Debug */,
				41ABBD6B223D38FD00C01863 /* Release */,
			);
			defaultConfigurationIsVisible = 0;
			defaultConfigurationName = Release;
		};
		41ABBD6C223D38FD00C01863 /* Build configuration list for PBXNativeTarget "BowlingGame" */ = {
			isa = XCConfigurationList;
			buildConfigurations = (
				41ABBD6D223D38FD00C01863 /* Debug */,
				41ABBD6E223D38FD00C01863 /* Release */,
			);
			defaultConfigurationIsVisible = 0;
			defaultConfigurationName = Release;
		};
		41ABBD6F223D38FD00C01863 /* Build configuration list for PBXNativeTarget "BowlingGameTests" */ = {
			isa = XCConfigurationList;
			buildConfigurations = (
				41ABBD70223D38FD00C01863 /* Debug */,
				41ABBD71223D38FD00C01863 /* Release */,
			);
			defaultConfigurationIsVisible = 0;
			defaultConfigurationName = Release;
		};
/* End XCConfigurationList section */
	};
	rootObject = 41ABBD47223D38FB00C01863 /* Project object */;
}
